
Microsoft Visual Studio Solution File, Format Version 12.00
# Visual Studio Version 17
VisualStudioVersion = 17.1.32414.318
MinimumVisualStudioVersion = 10.0.40219.1
Project("{2150E333-8FDC-42A3-9474-1A3956D46DE8}") = "Shared", "Shared", "{B4CD58F4-C416-497E-A0E7-EF8ABC19AE15}"
EndProject
Project("{9A19103F-16F7-4668-BE54-9A1E7A4F7556}") = "ABC.Shared", "ABC.Shared\ABC.Shared.csproj", "{56D0C39B-EE03-438F-A4F0-D1A05984D214}"
EndProject
Project("{2150E333-8FDC-42A3-9474-1A3956D46DE8}") = "EFCore", "EFCore", "{3F435126-8EB4-4F8F-8F05-730F4068D9BE}"
EndProject
Project("{9A19103F-16F7-4668-BE54-9A1E7A4F7556}") = "ABC.EFCore", "ABC.EFCore\ABC.EFCore.csproj", "{BAF0E441-BCA2-4B30-8182-12B0201ADFFC}"
EndProject
Project("{2150E333-8FDC-42A3-9474-1A3956D46DE8}") = "Customer", "Customer", "{F67AF8FF-0CDB-4EB4-AA2C-0E6B5AECC5F1}"
EndProject
Project("{9A19103F-16F7-4668-BE54-9A1E7A4F7556}") = "ABC.Customer.Domain", "ABC.Customer.Domain\ABC.Customer.Domain.csproj", "{6C039820-6F10-4C02-812E-E5B4B2CA88B4}"
EndProject
Project("{9A19103F-16F7-4668-BE54-9A1E7A4F7556}") = "ABC.Customer.API", "ABC.Customer.API\ABC.Customer.API.csproj", "{4F660D6D-3A7C-404E-9D1B-F6FC4D4E1F60}"
EndProject
Project("{9A19103F-16F7-4668-BE54-9A1E7A4F7556}") = "ABC.Customer.WebClient", "ABC.Customer.WebClient\ABC.Customer.WebClient.csproj", "{54FE03D2-4291-40E5-A50A-6A5F4B711B0A}"
EndProject
Project("{2150E333-8FDC-42A3-9474-1A3956D46DE8}") = "Public", "Public", "{54EE950B-27CF-487F-8EDA-5544686EC111}"
EndProject
Project("{9A19103F-16F7-4668-BE54-9A1E7A4F7556}") = "ABC.Public.API", "ABC.Public.API\ABC.Public.API.csproj", "{CE59FC31-E3BD-4712-955A-E674D154B96A}"
EndProject
Project("{9A19103F-16F7-4668-BE54-9A1E7A4F7556}") = "ABC.Public.Domain", "ABC.Public.Domain\ABC.Public.Domain.csproj", "{72DC442E-4C13-4346-B1E9-7D47145F3109}"
EndProject
Project("{9A19103F-16F7-4668-BE54-9A1E7A4F7556}") = "ABC.Public.Website", "ABC.Public.Website\ABC.Public.Website.csproj", "{251C6CA4-DD61-4EBF-B7B1-7ED28B7E7F84}"
EndProject
Project("{2150E333-8FDC-42A3-9474-1A3956D46DE8}") = "POS", "POS", "{5FFD6CF5-A169-43E3-8AA7-41C575B28724}"
EndProject
Project("{9A19103F-16F7-4668-BE54-9A1E7A4F7556}") = "ABC.POS.API", "ABC.POS.API\ABC.POS.API.csproj", "{297F7FF4-4E5E-45B8-A818-C9AB5FBF1406}"
EndProject
Project("{9A19103F-16F7-4668-BE54-9A1E7A4F7556}") = "ABC.POS.Domain", "ABC.POS.Domain\ABC.POS.Domain.csproj", "{E7E75C62-76D2-41C1-A64C-53F10B0839EA}"
EndProject
Project("{9A19103F-16F7-4668-BE54-9A1E7A4F7556}") = "ABC.POS.Website", "ABC.POS.Website\ABC.POS.Website.csproj", "{1BC89304-EE1B-4A39-8618-450B03C7D8DA}"
EndProject
Project("{2150E333-8FDC-42A3-9474-1A3956D46DE8}") = "Admin", "Admin", "{3E62CCAE-501D-4FC1-92ED-69A3725ACC80}"
EndProject
Project("{9A19103F-16F7-4668-BE54-9A1E7A4F7556}") = "ABC.Admin.API", "ABC.Admin.API\ABC.Admin.API.csproj", "{159106E5-DDEE-4B10-8B5A-448B15A2E212}"
EndProject
Project("{9A19103F-16F7-4668-BE54-9A1E7A4F7556}") = "ABC.Admin.Domain", "ABC.Admin.Domain\ABC.Admin.Domain.csproj", "{DB075C3D-3CC3-4E89-B15F-D61FEA86036C}"
EndProject
Project("{9A19103F-16F7-4668-BE54-9A1E7A4F7556}") = "ABC.Admin.Website", "ABC.Admin.Website\ABC.Admin.Website.csproj", "{2F4EB689-C2CA-4B09-BEB4-6E95FB3090DA}"
EndProject
Project("{2150E333-8FDC-42A3-9474-1A3956D46DE8}") = "HR", "HR", "{5566CC35-345C-4027-BA8A-9F1E143FF475}"
EndProject
Project("{9A19103F-16F7-4668-BE54-9A1E7A4F7556}") = "ABC.HR.API", "ABC.HR.API\ABC.HR.API.csproj", "{A7905A97-69A2-413C-9C9E-1875DBF8DE73}"
EndProject
Project("{9A19103F-16F7-4668-BE54-9A1E7A4F7556}") = "ABC.HR.Domain", "ABC.HR.Domain\ABC.HR.Domain.csproj", "{54C7F81C-CA3B-4035-995B-B8B5AF8B06DE}"
EndProject
Project("{9A19103F-16F7-4668-BE54-9A1E7A4F7556}") = "ABC.HR.Website", "ABC.HR.Website\ABC.HR.Website.csproj", "{99E1C443-BE3E-498E-B135-7325EFC33B89}"
EndProject
Project("{FAE04EC0-301F-11D3-BF4B-00C04F79EFBC}") = "ABC.DTOs.Library", "ABC.DTOs.Library\ABC.DTOs.Library.csproj", "{437E24D9-5997-48AC-BD0A-5E1E8BFEA4F9}"
EndProject
Global
	GlobalSection(SolutionConfigurationPlatforms) = preSolution
		Debug|Any CPU = Debug|Any CPU
		Release|Any CPU = Release|Any CPU
	EndGlobalSection
	GlobalSection(ProjectConfigurationPlatforms) = postSolution
		{56D0C39B-EE03-438F-A4F0-D1A05984D214}.Debug|Any CPU.ActiveCfg = Debug|Any CPU
		{56D0C39B-EE03-438F-A4F0-D1A05984D214}.Debug|Any CPU.Build.0 = Debug|Any CPU
		{56D0C39B-EE03-438F-A4F0-D1A05984D214}.Release|Any CPU.ActiveCfg = Release|Any CPU
		{56D0C39B-EE03-438F-A4F0-D1A05984D214}.Release|Any CPU.Build.0 = Release|Any CPU
		{BAF0E441-BCA2-4B30-8182-12B0201ADFFC}.Debug|Any CPU.ActiveCfg = Debug|Any CPU
		{BAF0E441-BCA2-4B30-8182-12B0201ADFFC}.Debug|Any CPU.Build.0 = Debug|Any CPU
		{BAF0E441-BCA2-4B30-8182-12B0201ADFFC}.Release|Any CPU.ActiveCfg = Release|Any CPU
		{BAF0E441-BCA2-4B30-8182-12B0201ADFFC}.Release|Any CPU.Build.0 = Release|Any CPU
		{6C039820-6F10-4C02-812E-E5B4B2CA88B4}.Debug|Any CPU.ActiveCfg = Debug|Any CPU
		{6C039820-6F10-4C02-812E-E5B4B2CA88B4}.Debug|Any CPU.Build.0 = Debug|Any CPU
		{6C039820-6F10-4C02-812E-E5B4B2CA88B4}.Release|Any CPU.ActiveCfg = Release|Any CPU
		{6C039820-6F10-4C02-812E-E5B4B2CA88B4}.Release|Any CPU.Build.0 = Release|Any CPU
		{4F660D6D-3A7C-404E-9D1B-F6FC4D4E1F60}.Debug|Any CPU.ActiveCfg = Debug|Any CPU
		{4F660D6D-3A7C-404E-9D1B-F6FC4D4E1F60}.Debug|Any CPU.Build.0 = Debug|Any CPU
		{4F660D6D-3A7C-404E-9D1B-F6FC4D4E1F60}.Release|Any CPU.ActiveCfg = Release|Any CPU
		{4F660D6D-3A7C-404E-9D1B-F6FC4D4E1F60}.Release|Any CPU.Build.0 = Release|Any CPU
		{54FE03D2-4291-40E5-A50A-6A5F4B711B0A}.Debug|Any CPU.ActiveCfg = Debug|Any CPU
		{54FE03D2-4291-40E5-A50A-6A5F4B711B0A}.Debug|Any CPU.Build.0 = Debug|Any CPU
		{54FE03D2-4291-40E5-A50A-6A5F4B711B0A}.Release|Any CPU.ActiveCfg = Release|Any CPU
		{54FE03D2-4291-40E5-A50A-6A5F4B711B0A}.Release|Any CPU.Build.0 = Release|Any CPU
		{CE59FC31-E3BD-4712-955A-E674D154B96A}.Debug|Any CPU.ActiveCfg = Debug|Any CPU
		{CE59FC31-E3BD-4712-955A-E674D154B96A}.Debug|Any CPU.Build.0 = Debug|Any CPU
		{CE59FC31-E3BD-4712-955A-E674D154B96A}.Release|Any CPU.ActiveCfg = Release|Any CPU
		{CE59FC31-E3BD-4712-955A-E674D154B96A}.Release|Any CPU.Build.0 = Release|Any CPU
		{72DC442E-4C13-4346-B1E9-7D47145F3109}.Debug|Any CPU.ActiveCfg = Debug|Any CPU
		{72DC442E-4C13-4346-B1E9-7D47145F3109}.Debug|Any CPU.Build.0 = Debug|Any CPU
		{72DC442E-4C13-4346-B1E9-7D47145F3109}.Release|Any CPU.ActiveCfg = Release|Any CPU
		{72DC442E-4C13-4346-B1E9-7D47145F3109}.Release|Any CPU.Build.0 = Release|Any CPU
		{251C6CA4-DD61-4EBF-B7B1-7ED28B7E7F84}.Debug|Any CPU.ActiveCfg = Debug|Any CPU
		{251C6CA4-DD61-4EBF-B7B1-7ED28B7E7F84}.Debug|Any CPU.Build.0 = Debug|Any CPU
		{251C6CA4-DD61-4EBF-B7B1-7ED28B7E7F84}.Release|Any CPU.ActiveCfg = Release|Any CPU
		{251C6CA4-DD61-4EBF-B7B1-7ED28B7E7F84}.Release|Any CPU.Build.0 = Release|Any CPU
		{297F7FF4-4E5E-45B8-A818-C9AB5FBF1406}.Debug|Any CPU.ActiveCfg = Debug|Any CPU
		{297F7FF4-4E5E-45B8-A818-C9AB5FBF1406}.Debug|Any CPU.Build.0 = Debug|Any CPU
		{297F7FF4-4E5E-45B8-A818-C9AB5FBF1406}.Release|Any CPU.ActiveCfg = Release|Any CPU
		{297F7FF4-4E5E-45B8-A818-C9AB5FBF1406}.Release|Any CPU.Build.0 = Release|Any CPU
		{E7E75C62-76D2-41C1-A64C-53F10B0839EA}.Debug|Any CPU.ActiveCfg = Debug|Any CPU
		{E7E75C62-76D2-41C1-A64C-53F10B0839EA}.Debug|Any CPU.Build.0 = Debug|Any CPU
		{E7E75C62-76D2-41C1-A64C-53F10B0839EA}.Release|Any CPU.ActiveCfg = Release|Any CPU
		{E7E75C62-76D2-41C1-A64C-53F10B0839EA}.Release|Any CPU.Build.0 = Release|Any CPU
		{1BC89304-EE1B-4A39-8618-450B03C7D8DA}.Debug|Any CPU.ActiveCfg = Debug|Any CPU
		{1BC89304-EE1B-4A39-8618-450B03C7D8DA}.Debug|Any CPU.Build.0 = Debug|Any CPU
		{1BC89304-EE1B-4A39-8618-450B03C7D8DA}.Release|Any CPU.ActiveCfg = Release|Any CPU
		{1BC89304-EE1B-4A39-8618-450B03C7D8DA}.Release|Any CPU.Build.0 = Release|Any CPU
		{159106E5-DDEE-4B10-8B5A-448B15A2E212}.Debug|Any CPU.ActiveCfg = Debug|Any CPU
		{159106E5-DDEE-4B10-8B5A-448B15A2E212}.Debug|Any CPU.Build.0 = Debug|Any CPU
		{159106E5-DDEE-4B10-8B5A-448B15A2E212}.Release|Any CPU.ActiveCfg = Release|Any CPU
		{159106E5-DDEE-4B10-8B5A-448B15A2E212}.Release|Any CPU.Build.0 = Release|Any CPU
		{DB075C3D-3CC3-4E89-B15F-D61FEA86036C}.Debug|Any CPU.ActiveCfg = Debug|Any CPU
		{DB075C3D-3CC3-4E89-B15F-D61FEA86036C}.Debug|Any CPU.Build.0 = Debug|Any CPU
		{DB075C3D-3CC3-4E89-B15F-D61FEA86036C}.Release|Any CPU.ActiveCfg = Release|Any CPU
		{DB075C3D-3CC3-4E89-B15F-D61FEA86036C}.Release|Any CPU.Build.0 = Release|Any CPU
		{2F4EB689-C2CA-4B09-BEB4-6E95FB3090DA}.Debug|Any CPU.ActiveCfg = Debug|Any CPU
		{2F4EB689-C2CA-4B09-BEB4-6E95FB3090DA}.Debug|Any CPU.Build.0 = Debug|Any CPU
		{2F4EB689-C2CA-4B09-BEB4-6E95FB3090DA}.Release|Any CPU.ActiveCfg = Release|Any CPU
		{2F4EB689-C2CA-4B09-BEB4-6E95FB3090DA}.Release|Any CPU.Build.0 = Release|Any CPU
		{A7905A97-69A2-413C-9C9E-1875DBF8DE73}.Debug|Any CPU.ActiveCfg = Debug|Any CPU
		{A7905A97-69A2-413C-9C9E-1875DBF8DE73}.Debug|Any CPU.Build.0 = Debug|Any CPU
		{A7905A97-69A2-413C-9C9E-1875DBF8DE73}.Release|Any CPU.ActiveCfg = Release|Any CPU
		{A7905A97-69A2-413C-9C9E-1875DBF8DE73}.Release|Any CPU.Build.0 = Release|Any CPU
		{54C7F81C-CA3B-4035-995B-B8B5AF8B06DE}.Debug|Any CPU.ActiveCfg = Debug|Any CPU
		{54C7F81C-CA3B-4035-995B-B8B5AF8B06DE}.Debug|Any CPU.Build.0 = Debug|Any CPU
		{54C7F81C-CA3B-4035-995B-B8B5AF8B06DE}.Release|Any CPU.ActiveCfg = Release|Any CPU
		{54C7F81C-CA3B-4035-995B-B8B5AF8B06DE}.Release|Any CPU.Build.0 = Release|Any CPU
		{99E1C443-BE3E-498E-B135-7325EFC33B89}.Debug|Any CPU.ActiveCfg = Debug|Any CPU
		{99E1C443-BE3E-498E-B135-7325EFC33B89}.Debug|Any CPU.Build.0 = Debug|Any CPU
		{99E1C443-BE3E-498E-B135-7325EFC33B89}.Release|Any CPU.ActiveCfg = Release|Any CPU
		{99E1C443-BE3E-498E-B135-7325EFC33B89}.Release|Any CPU.Build.0 = Release|Any CPU
		{437E24D9-5997-48AC-BD0A-5E1E8BFEA4F9}.Debug|Any CPU.ActiveCfg = Debug|Any CPU
		{437E24D9-5997-48AC-BD0A-5E1E8BFEA4F9}.Debug|Any CPU.Build.0 = Debug|Any CPU
		{437E24D9-5997-48AC-BD0A-5E1E8BFEA4F9}.Release|Any CPU.ActiveCfg = Release|Any CPU
		{437E24D9-5997-48AC-BD0A-5E1E8BFEA4F9}.Release|Any CPU.Build.0 = Release|Any CPU
	EndGlobalSection
	GlobalSection(SolutionProperties) = preSolution
		HideSolutionNode = FALSE
	EndGlobalSection
	GlobalSection(NestedProjects) = preSolution
		{56D0C39B-EE03-438F-A4F0-D1A05984D214} = {B4CD58F4-C416-497E-A0E7-EF8ABC19AE15}
		{BAF0E441-BCA2-4B30-8182-12B0201ADFFC} = {3F435126-8EB4-4F8F-8F05-730F4068D9BE}
		{6C039820-6F10-4C02-812E-E5B4B2CA88B4} = {F67AF8FF-0CDB-4EB4-AA2C-0E6B5AECC5F1}
		{4F660D6D-3A7C-404E-9D1B-F6FC4D4E1F60} = {F67AF8FF-0CDB-4EB4-AA2C-0E6B5AECC5F1}
		{54FE03D2-4291-40E5-A50A-6A5F4B711B0A} = {F67AF8FF-0CDB-4EB4-AA2C-0E6B5AECC5F1}
		{CE59FC31-E3BD-4712-955A-E674D154B96A} = {54EE950B-27CF-487F-8EDA-5544686EC111}
		{72DC442E-4C13-4346-B1E9-7D47145F3109} = {54EE950B-27CF-487F-8EDA-5544686EC111}
		{251C6CA4-DD61-4EBF-B7B1-7ED28B7E7F84} = {54EE950B-27CF-487F-8EDA-5544686EC111}
		{297F7FF4-4E5E-45B8-A818-C9AB5FBF1406} = {5FFD6CF5-A169-43E3-8AA7-41C575B28724}
		{E7E75C62-76D2-41C1-A64C-53F10B0839EA} = {5FFD6CF5-A169-43E3-8AA7-41C575B28724}
		{1BC89304-EE1B-4A39-8618-450B03C7D8DA} = {5FFD6CF5-A169-43E3-8AA7-41C575B28724}
		{159106E5-DDEE-4B10-8B5A-448B15A2E212} = {3E62CCAE-501D-4FC1-92ED-69A3725ACC80}
		{DB075C3D-3CC3-4E89-B15F-D61FEA86036C} = {3E62CCAE-501D-4FC1-92ED-69A3725ACC80}
		{2F4EB689-C2CA-4B09-BEB4-6E95FB3090DA} = {3E62CCAE-501D-4FC1-92ED-69A3725ACC80}
		{A7905A97-69A2-413C-9C9E-1875DBF8DE73} = {5566CC35-345C-4027-BA8A-9F1E143FF475}
		{54C7F81C-CA3B-4035-995B-B8B5AF8B06DE} = {5566CC35-345C-4027-BA8A-9F1E143FF475}
		{99E1C443-BE3E-498E-B135-7325EFC33B89} = {5566CC35-345C-4027-BA8A-9F1E143FF475}
		{437E24D9-5997-48AC-BD0A-5E1E8BFEA4F9} = {3F435126-8EB4-4F8F-8F05-730F4068D9BE}
	EndGlobalSection
	GlobalSection(ExtensibilityGlobals) = postSolution
		SolutionGuid = {153068F2-C2F0-4102-8873-568E807435C9}
	EndGlobalSection
EndGlobal
